// !$*UTF8*$!
{
	archiveVersion = 1;
	classes = {
	};
	objectVersion = 46;
	objects = {

/* Begin PBXBuildFile section */
		387D98C619C1286B00F7886C /* AppDelegate.swift in Sources */ = {isa = PBXBuildFile; fileRef = 387D98C519C1286B00F7886C /* AppDelegate.swift */; };
		387D98C819C1286B00F7886C /* ViewController.swift in Sources */ = {isa = PBXBuildFile; fileRef = 387D98C719C1286B00F7886C /* ViewController.swift */; };
		387D98CB19C1286B00F7886C /* Main.storyboard in Resources */ = {isa = PBXBuildFile; fileRef = 387D98C919C1286B00F7886C /* Main.storyboard */; };
		387D98CD19C1286B00F7886C /* Images.xcassets in Resources */ = {isa = PBXBuildFile; fileRef = 387D98CC19C1286B00F7886C /* Images.xcassets */; };
		387D98D919C1286B00F7886C /* CalculatorTests.swift in Sources */ = {isa = PBXBuildFile; fileRef = 387D98D819C1286B00F7886C /* CalculatorTests.swift */; };
/* End PBXBuildFile section */

/* Begin PBXContainerItemProxy section */
		387D98D319C1286B00F7886C /* PBXContainerItemProxy */ = {
			isa = PBXContainerItemProxy;
			containerPortal = 387D98B819C1286B00F7886C /* Project object */;
			proxyType = 1;
			remoteGlobalIDString = 387D98BF19C1286B00F7886C;
			remoteInfo = Calculator;
		};
/* End PBXContainerItemProxy section */

/* Begin PBXFileReference section */
		387D98C019C1286B00F7886C /* Calculator.app */ = {isa = PBXFileReference; explicitFileType = wrapper.application; includeInIndex = 0; path = Calculator.app; sourceTree = BUILT_PRODUCTS_DIR; };
		387D98C419C1286B00F7886C /* Info.plist */ = {isa = PBXFileReference; lastKnownFileType = text.plist.xml; path = Info.plist; sourceTree = "<group>"; };
		387D98C519C1286B00F7886C /* AppDelegate.swift */ = {isa = PBXFileReference; lastKnownFileType = sourcecode.swift; path = AppDelegate.swift; sourceTree = "<group>"; };
		387D98C719C1286B00F7886C /* ViewController.swift */ = {isa = PBXFileReference; lastKnownFileType = sourcecode.swift; path = ViewController.swift; sourceTree = "<group>"; };
		387D98CA19C1286B00F7886C /* Base */ = {isa = PBXFileReference; lastKnownFileType = file.storyboard; name = Base; path = Base.lproj/Main.storyboard; sourceTree = "<group>"; };
		387D98CC19C1286B00F7886C /* Images.xcassets */ = {isa = PBXFileReference; lastKnownFileType = folder.assetcatalog; path = Images.xcassets; sourceTree = "<group>"; };
		387D98D219C1286B00F7886C /* CalculatorTests.xctest */ = {isa = PBXFileReference; explicitFileType = wrapper.cfbundle; includeInIndex = 0; path = CalculatorTests.xctest; sourceTree = BUILT_PRODUCTS_DIR; };
		387D98D719C1286B00F7886C /* Info.plist */ = {isa = PBXFileReference; lastKnownFileType = text.plist.xml; path = Info.plist; sourceTree = "<group>"; };
		387D98D819C1286B00F7886C /* CalculatorTests.swift */ = {isa = PBXFileReference; lastKnownFileType = sourcecode.swift; path = CalculatorTests.swift; sourceTree = "<group>"; };
/* End PBXFileReference section */

/* Begin PBXFrameworksBuildPhase section */
		387D98BD19C1286B00F7886C /* Frameworks */ = {
			isa = PBXFrameworksBuildPhase;
			buildActionMask = 2147483647;
			files = (
			);
			runOnlyForDeploymentPostprocessing = 0;
		};
		387D98CF19C1286B00F7886C /* Frameworks */ = {
			isa = PBXFrameworksBuildPhase;
			buildActionMask = 2147483647;
			files = (
			);
			runOnlyForDeploymentPostprocessing = 0;
		};
/* End PBXFrameworksBuildPhase section */

/* Begin PBXGroup section */
		387D98B719C1286B00F7886C = {
			isa = PBXGroup;
			children = (
				387D98C219C1286B00F7886C /* Calculator */,
				387D98D519C1286B00F7886C /* CalculatorTests */,
				387D98C119C1286B00F7886C /* Products */,
			);
			sourceTree = "<group>";
		};
		387D98C119C1286B00F7886C /* Products */ = {
			isa = PBXGroup;
			children = (
				387D98C019C1286B00F7886C /* Calculator.app */,
				387D98D219C1286B00F7886C /* CalculatorTests.xctest */,
			);
			name = Products;
			sourceTree = "<group>";
		};
		387D98C219C1286B00F7886C /* Calculator */ = {
			isa = PBXGroup;
			children = (
				387D98C519C1286B00F7886C /* AppDelegate.swift */,
				387D98C719C1286B00F7886C /* ViewController.swift */,
				387D98C919C1286B00F7886C /* Main.storyboard */,
				387D98CC19C1286B00F7886C /* Images.xcassets */,
				387D98C319C1286B00F7886C /* Supporting Files */,
			);
			path = Calculator;
			sourceTree = "<group>";
		};
		387D98C319C1286B00F7886C /* Supporting Files */ = {
			isa = PBXGroup;
			children = (
				387D98C419C1286B00F7886C /* Info.plist */,
			);
			name = "Supporting Files";
			sourceTree = "<group>";
		};
		387D98D519C1286B00F7886C /* CalculatorTests */ = {
			isa = PBXGroup;
			children = (
				387D98D819C1286B00F7886C /* CalculatorTests.swift */,
				387D98D619C1286B00F7886C /* Supporting Files */,
			);
			path = CalculatorTests;
			sourceTree = "<group>";
		};
		387D98D619C1286B00F7886C /* Supporting Files */ = {
			isa = PBXGroup;
			children = (
				387D98D719C1286B00F7886C /* Info.plist */,
			);
			name = "Supporting Files";
			sourceTree = "<group>";
		};
/* End PBXGroup section */

/* Begin PBXNativeTarget section */
		387D98BF19C1286B00F7886C /* Calculator */ = {
			isa = PBXNativeTarget;
			buildConfigurationList = 387D98DC19C1286B00F7886C /* Build configuration list for PBXNativeTarget "Calculator" */;
			buildPhases = (
				387D98BC19C1286B00F7886C /* Sources */,
				387D98BD19C1286B00F7886C /* Frameworks */,
				387D98BE19C1286B00F7886C /* Resources */,
			);
			buildRules = (
			);
			dependencies = (
			);
			name = Calculator;
			productName = Calculator;
			productReference = 387D98C019C1286B00F7886C /* Calculator.app */;
			productType = "com.apple.product-type.application";
		};
		387D98D119C1286B00F7886C /* CalculatorTests */ = {
			isa = PBXNativeTarget;
			buildConfigurationList = 387D98DF19C1286B00F7886C /* Build configuration list for PBXNativeTarget "CalculatorTests" */;
			buildPhases = (
				387D98CE19C1286B00F7886C /* Sources */,
				387D98CF19C1286B00F7886C /* Frameworks */,
				387D98D019C1286B00F7886C /* Resources */,
			);
			buildRules = (
			);
			dependencies = (
				387D98D419C1286B00F7886C /* PBXTargetDependency */,
			);
			name = CalculatorTests;
			productName = CalculatorTests;
			productReference = 387D98D219C1286B00F7886C /* CalculatorTests.xctest */;
			productType = "com.apple.product-type.bundle.unit-test";
		};
/* End PBXNativeTarget section */

/* Begin PBXProject section */
		387D98B819C1286B00F7886C /* Project object */ = {
			isa = PBXProject;
			attributes = {
				LastUpgradeCheck = 0600;
				ORGANIZATIONNAME = "Damian Mastylo";
				TargetAttributes = {
					387D98BF19C1286B00F7886C = {
						CreatedOnToolsVersion = 6.0;
					};
					387D98D119C1286B00F7886C = {
						CreatedOnToolsVersion = 6.0;
						TestTargetID = 387D98BF19C1286B00F7886C;
					};
				};
			};
			buildConfigurationList = 387D98BB19C1286B00F7886C /* Build configuration list for PBXProject "Calculator" */;
			compatibilityVersion = "Xcode 3.2";
			developmentRegion = English;
			hasScannedForEncodings = 0;
			knownRegions = (
				en,
				Base,
			);
			mainGroup = 387D98B719C1286B00F7886C;
			productRefGroup = 387D98C119C1286B00F7886C /* Products */;
			projectDirPath = "";
			projectRoot = "";
			targets = (
				387D98BF19C1286B00F7886C /* Calculator */,
				387D98D119C1286B00F7886C /* CalculatorTests */,
			);
		};
/* End PBXProject section */

/* Begin PBXResourcesBuildPhase section */
		387D98BE19C1286B00F7886C /* Resources */ = {
			isa = PBXResourcesBuildPhase;
			buildActionMask = 2147483647;
			files = (
				387D98CB19C1286B00F7886C /* Main.storyboard in Resources */,
				387D98CD19C1286B00F7886C /* Images.xcassets in Resources */,
			);
			runOnlyForDeploymentPostprocessing = 0;
		};
		387D98D019C1286B00F7886C /* Resources */ = {
			isa = PBXResourcesBuildPhase;
			buildActionMask = 2147483647;
			files = (
			);
			runOnlyForDeploymentPostprocessing = 0;
		};
/* End PBXResourcesBuildPhase section */

/* Begin PBXSourcesBuildPhase section */
		387D98BC19C1286B00F7886C /* Sources */ = {
			isa = PBXSourcesBuildPhase;
			buildActionMask = 2147483647;
			files = (
				387D98C819C1286B00F7886C /* ViewController.swift in Sources */,
				387D98C619C1286B00F7886C /* AppDelegate.swift in Sources */,
			);
			runOnlyForDeploymentPostprocessing = 0;
		};
		387D98CE19C1286B00F7886C /* Sources */ = {
			isa = PBXSourcesBuildPhase;
			buildActionMask = 2147483647;
			files = (
				387D98D919C1286B00F7886C /* CalculatorTests.swift in Sources */,
			);
			runOnlyForDeploymentPostprocessing = 0;
		};
/* End PBXSourcesBuildPhase section */

/* Begin PBXTargetDependency section */
		387D98D419C1286B00F7886C /* PBXTargetDependency */ = {
			isa = PBXTargetDependency;
			target = 387D98BF19C1286B00F7886C /* Calculator */;
			targetProxy = 387D98D319C1286B00F7886C /* PBXContainerItemProxy */;
		};
/* End PBXTargetDependency section */

/* Begin PBXVariantGroup section */
		387D98C919C1286B00F7886C /* Main.storyboard */ = {
			isa = PBXVariantGroup;
			children = (
				387D98CA19C1286B00F7886C /* Base */,
			);
			name = Main.storyboard;
			sourceTree = "<group>";
		};
/* End PBXVariantGroup section */

/* Begin XCBuildConfiguration section */
		387D98DA19C1286B00F7886C /* Debug */ = {
			isa = XCBuildConfiguration;
			buildSettings = {
				ALWAYS_SEARCH_USER_PATHS = NO;
				CLANG_CXX_LANGUAGE_STANDARD = "gnu++0x";
				CLANG_CXX_LIBRARY = "libc++";
				CLANG_ENABLE_MODULES = YES;
				CLANG_ENABLE_OBJC_ARC = YES;
				CLANG_WARN_BOOL_CONVERSION = YES;
				CLANG_WARN_CONSTANT_CONVERSION = YES;
				CLANG_WARN_DIRECT_OBJC_ISA_USAGE = YES_ERROR;
				CLANG_WARN_EMPTY_BODY = YES;
				CLANG_WARN_ENUM_CONVERSION = YES;
				CLANG_WARN_INT_CONVERSION = YES;
				CLANG_WARN_OBJC_ROOT_CLASS = YES_ERROR;
				CLANG_WARN_UNREACHABLE_CODE = YES;
				CLANG_WARN__DUPLICATE_METHOD_MATCH = YES;
				"CODE_SIGN_IDENTITY[sdk=iphoneos*]" = "iPhone Developer";
				COPY_PHASE_STRIP = NO;
				ENABLE_STRICT_OBJC_MSGSEND = YES;
				GCC_C_LANGUAGE_STANDARD = gnu99;
				GCC_DYNAMIC_NO_PIC = NO;
				GCC_OPTIMIZATION_LEVEL = 0;
				GCC_PREPROCESSOR_DEFINITIONS = (
					"DEBUG=1",
					"$(inherited)",
				);
				GCC_SYMBOLS_PRIVATE_EXTERN = NO;
				GCC_WARN_64_TO_32_BIT_CONVERSION = YES;
				GCC_WARN_ABOUT_RETURN_TYPE = YES_ERROR;
				GCC_WARN_UNDECLARED_SELECTOR = YES;
				GCC_WARN_UNINITIALIZED_AUTOS = YES_AGGRESSIVE;
				GCC_WARN_UNUSED_FUNCTION = YES;
				GCC_WARN_UNUSED_VARIABLE = YES;
				IPHONEOS_DEPLOYMENT_TARGET = 8.0;
				MTL_ENABLE_DEBUG_INFO = YES;
				ONLY_ACTIVE_ARCH = YES;
				SDKROOT = iphoneos;
				SWIFT_OPTIMIZATION_LEVEL = "-Onone";
			};
			name = Debug;
		};
		387D98DB19C1286B00F7886C /* Release */ = {
			isa = XCBuildConfiguration;
			buildSettings = {
				ALWAYS_SEARCH_USER_PATHS = NO;
				CLANG_CXX_LANGUAGE_STANDARD = "gnu++0x";
				CLANG_CXX_LIBRARY = "libc++";
				CLANG_ENABLE_MODULES = YES;
				CLANG_ENABLE_OBJC_ARC = YES;
				CLANG_WARN_BOOL_CONVERSION = YES;
				CLANG_WARN_CONSTANT_CONVERSION = YES;
				CLANG_WARN_DIRECT_OBJC_ISA_USAGE = YES_ERROR;
				CLANG_WARN_EMPTY_BODY = YES;
				CLANG_WARN_ENUM_CONVERSION = YES;
				CLANG_WARN_INT_CONVERSION = YES;
				CLANG_WARN_OBJC_ROOT_CLASS = YES_ERROR;
				CLANG_WARN_UNREACHABLE_CODE = YES;
				CLANG_WARN__DUPLICATE_METHOD_MATCH = YES;
				"CODE_SIGN_IDENTITY[sdk=iphoneos*]" = "iPhone Developer";
				COPY_PHASE_STRIP = YES;
				ENABLE_NS_ASSERTIONS = NO;
				ENABLE_STRICT_OBJC_MSGSEND = YES;
				GCC_C_LANGUAGE_STANDARD = gnu99;
				GCC_WARN_64_TO_32_BIT_CONVERSION = YES;
				GCC_WARN_ABOUT_RETURN_TYPE = YES_ERROR;
				GCC_WARN_UNDECLARED_SELECTOR = YES;
				GCC_WARN_UNINITIALIZED_AUTOS = YES_AGGRESSIVE;
				GCC_WARN_UNUSED_FUNCTION = YES;
				GCC_WARN_UNUSED_VARIABLE = YES;
				IPHONEOS_DEPLOYMENT_TARGET = 8.0;
				MTL_ENABLE_DEBUG_INFO = NO;
				SDKROOT = iphoneos;
				VALIDATE_PRODUCT = YES;
			};
			name = Release;
		};
		387D98DD19C1286B00F7886C /* Debug */ = {
			isa = XCBuildConfiguration;
			buildSettings = {
				ASSETCATALOG_COMPILER_APPICON_NAME = AppIcon;
				ASSETCATALOG_COMPILER_LAUNCHIMAGE_NAME = LaunchImage;
				INFOPLIST_FILE = Calculator/Info.plist;
				IPHONEOS_DEPLOYMENT_TARGET = 8.0;
				LD_RUNPATH_SEARCH_PATHS = "$(inherited) @executable_path/Frameworks";
				PRODUCT_NAME = "$(TARGET_NAME)";
			};
			name = Debug;
		};
		387D98DE19C1286B00F7886C /* Release */ = {
			isa = XCBuildConfiguration;
			buildSettings = {
				ASSETCATALOG_COMPILER_APPICON_NAME = AppIcon;
				ASSETCATALOG_COMPILER_LAUNCHIMAGE_NAME = LaunchImage;
				INFOPLIST_FILE = Calculator/Info.plist;
				IPHONEOS_DEPLOYMENT_TARGET = 8.0;
				LD_RUNPATH_SEARCH_PATHS = "$(inherited) @executable_path/Frameworks";
				PRODUCT_NAME = "$(TARGET_NAME)";
			};
			name = Release;
		};
		387D98E019C1286B00F7886C /* Debug */ = {
			isa = XCBuildConfiguration;
			buildSettings = {
				BUNDLE_LOADER = "$(TEST_HOST)";
				FRAMEWORK_SEARCH_PATHS = (
					"$(SDKROOT)/Developer/Library/Frameworks",
					"$(inherited)",
				);
				GCC_PREPROCESSOR_DEFINITIONS = (
					"DEBUG=1",
					"$(inherited)",
				);
				INFOPLIST_FILE = CalculatorTests/Info.plist;
				LD_RUNPATH_SEARCH_PATHS = "$(inherited) @executable_path/Frameworks @loader_path/Frameworks";
				PRODUCT_NAME = "$(TARGET_NAME)";
				TEST_HOST = "$(BUILT_PRODUCTS_DIR)/Calculator.app/Calculator";
			};
			name = Debug;
		};
		387D98E119C1286B00F7886C /* Release */ = {
			isa = XCBuildConfiguration;
			buildSettings = {
				BUNDLE_LOADER = "$(TEST_HOST)";
				FRAMEWORK_SEARCH_PATHS = (
					"$(SDKROOT)/Developer/Library/Frameworks",
					"$(inherited)",
				);
				INFOPLIST_FILE = CalculatorTests/Info.plist;
				LD_RUNPATH_SEARCH_PATHS = "$(inherited) @executable_path/Frameworks @loader_path/Frameworks";
				PRODUCT_NAME = "$(TARGET_NAME)";
				TEST_HOST = "$(BUILT_PRODUCTS_DIR)/Calculator.app/Calculator";
			};
			name = Release;
		};
/* End XCBuildConfiguration section */

/* Begin XCConfigurationList section */
		387D98BB19C1286B00F7886C /* Build configuration list for PBXProject "Calculator" */ = {
			isa = XCConfigurationList;
			buildConfigurations = (
				387D98DA19C1286B00F7886C /* Debug */,
				387D98DB19C1286B00F7886C /* Release */,
			);
			defaultConfigurationIsVisible = 0;
			defaultConfigurationName = Release;
		};
		387D98DC19C1286B00F7886C /* Build configuration list for PBXNativeTarget "Calculator" */ = {
			isa = XCConfigurationList;
			buildConfigurations = (
				387D98DD19C1286B00F7886C /* Debug */,
				387D98DE19C1286B00F7886C /* Release */,
			);
			defaultConfigurationIsVisible = 0;
			defaultConfigurationName = Release;
		};
		387D98DF19C1286B00F7886C /* Build configuration list for PBXNativeTarget "CalculatorTests" */ = {
			isa = XCConfigurationList;
			buildConfigurations = (
				387D98E019C1286B00F7886C /* Debug */,
				387D98E119C1286B00F7886C /* Release */,
			);
			defaultConfigurationIsVisible = 0;
			defaultConfigurationName = Release;
		};
/* End XCConfigurationList section */
	};
	rootObject = 387D98B819C1286B00F7886C /* Project object */;
}
